
Microsoft Visual Studio Solution File, Format Version 12.00
Project("{FAE04EC0-301F-11D3-BF4B-00C04F79EFBC}") = "ExpensesApp.MAUI", "ExpensesApp.MAUI\ExpensesApp.MAUI.csproj", "{9FD1E91F-6A2C-47F1-815C-F2ED056152B7}"
EndProject
Project("{FAE04EC0-301F-11D3-BF4B-00C04F79EFBC}") = "ExpensesApp.Core", "ExpensesApp.Core\ExpensesApp.Core.csproj", "{51BB6FA2-3A94-4253-B0BA-DFDE52CE6EA6}"
EndProject
Project("{FAE04EC0-301F-11D3-BF4B-00C04F79EFBC}") = "ExpensesApp.Api", "ExpensesApp.Api\ExpensesApp.Api.csproj", "{80CF8803-8DC0-4E9E-9FB4-D92E25F3FC03}"
EndProject
Global
	GlobalSection(SolutionConfigurationPlatforms) = preSolution
		Debug|Any CPU = Debug|Any CPU
		Debug|x64 = Debug|x64
		Debug|x86 = Debug|x86
		Release|Any CPU = Release|Any CPU
		Release|x64 = Release|x64
		Release|x86 = Release|x86
	EndGlobalSection
	GlobalSection(ProjectConfigurationPlatforms) = postSolution
		{9FD1E91F-6A2C-47F1-815C-F2ED056152B7}.Debug|Any CPU.ActiveCfg = Debug|Any CPU
		{9FD1E91F-6A2C-47F1-815C-F2ED056152B7}.Debug|Any CPU.Build.0 = Debug|Any CPU
		{9FD1E91F-6A2C-47F1-815C-F2ED056152B7}.Debug|x64.ActiveCfg = Debug|Any CPU
		{9FD1E91F-6A2C-47F1-815C-F2ED056152B7}.Debug|x64.Build.0 = Debug|Any CPU
		{9FD1E91F-6A2C-47F1-815C-F2ED056152B7}.Debug|x86.ActiveCfg = Debug|Any CPU
		{9FD1E91F-6A2C-47F1-815C-F2ED056152B7}.Debug|x86.Build.0 = Debug|Any CPU
		{9FD1E91F-6A2C-47F1-815C-F2ED056152B7}.Release|Any CPU.ActiveCfg = Release|Any CPU
		{9FD1E91F-6A2C-47F1-815C-F2ED056152B7}.Release|Any CPU.Build.0 = Release|Any CPU
		{9FD1E91F-6A2C-47F1-815C-F2ED056152B7}.Release|x64.ActiveCfg = Release|Any CPU
		{9FD1E91F-6A2C-47F1-815C-F2ED056152B7}.Release|x64.Build.0 = Release|Any CPU
		{9FD1E91F-6A2C-47F1-815C-F2ED056152B7}.Release|x86.ActiveCfg = Release|Any CPU
		{9FD1E91F-6A2C-47F1-815C-F2ED056152B7}.Release|x86.Build.0 = Release|Any CPU
		{51BB6FA2-3A94-4253-B0BA-DFDE52CE6EA6}.Debug|Any CPU.ActiveCfg = Debug|Any CPU
		{51BB6FA2-3A94-4253-B0BA-DFDE52CE6EA6}.Debug|Any CPU.Build.0 = Debug|Any CPU
		{51BB6FA2-3A94-4253-B0BA-DFDE52CE6EA6}.Debug|x64.ActiveCfg = Debug|Any CPU
		{51BB6FA2-3A94-4253-B0BA-DFDE52CE6EA6}.Debug|x64.Build.0 = Debug|Any CPU
		{51BB6FA2-3A94-4253-B0BA-DFDE52CE6EA6}.Debug|x86.ActiveCfg = Debug|Any CPU
		{51BB6FA2-3A94-4253-B0BA-DFDE52CE6EA6}.Debug|x86.Build.0 = Debug|Any CPU
		{51BB6FA2-3A94-4253-B0BA-DFDE52CE6EA6}.Release|Any CPU.ActiveCfg = Release|Any CPU
		{51BB6FA2-3A94-4253-B0BA-DFDE52CE6EA6}.Release|Any CPU.Build.0 = Release|Any CPU
		{51BB6FA2-3A94-4253-B0BA-DFDE52CE6EA6}.Release|x64.ActiveCfg = Release|Any CPU
		{51BB6FA2-3A94-4253-B0BA-DFDE52CE6EA6}.Release|x64.Build.0 = Release|Any CPU
		{51BB6FA2-3A94-4253-B0BA-DFDE52CE6EA6}.Release|x86.ActiveCfg = Release|Any CPU
		{51BB6FA2-3A94-4253-B0BA-DFDE52CE6EA6}.Release|x86.Build.0 = Release|Any CPU
		{80CF8803-8DC0-4E9E-9FB4-D92E25F3FC03}.Debug|Any CPU.ActiveCfg = Debug|Any CPU
		{80CF8803-8DC0-4E9E-9FB4-D92E25F3FC03}.Debug|Any CPU.Build.0 = Debug|Any CPU
		{80CF8803-8DC0-4E9E-9FB4-D92E25F3FC03}.Debug|x64.ActiveCfg = Debug|Any CPU
		{80CF8803-8DC0-4E9E-9FB4-D92E25F3FC03}.Debug|x64.Build.0 = Debug|Any CPU
		{80CF8803-8DC0-4E9E-9FB4-D92E25F3FC03}.Debug|x86.ActiveCfg = Debug|Any CPU
		{80CF8803-8DC0-4E9E-9FB4-D92E25F3FC03}.Debug|x86.Build.0 = Debug|Any CPU
		{80CF8803-8DC0-4E9E-9FB4-D92E25F3FC03}.Release|Any CPU.ActiveCfg = Release|Any CPU
		{80CF8803-8DC0-4E9E-9FB4-D92E25F3FC03}.Release|Any CPU.Build.0 = Release|Any CPU
		{80CF8803-8DC0-4E9E-9FB4-D92E25F3FC03}.Release|x64.ActiveCfg = Release|Any CPU
		{80CF8803-8DC0-4E9E-9FB4-D92E25F3FC03}.Release|x64.Build.0 = Release|Any CPU
		{80CF8803-8DC0-4E9E-9FB4-D92E25F3FC03}.Release|x86.ActiveCfg = Release|Any CPU
		{80CF8803-8DC0-4E9E-9FB4-D92E25F3FC03}.Release|x86.Build.0 = Release|Any CPU
	EndGlobalSection
	GlobalSection(SolutionProperties) = preSolution
		HideSolutionNode = FALSE
	EndGlobalSection
EndGlobal
